
Microsoft Visual Studio Solution File, Format Version 12.00
# Visual Studio Version 17
VisualStudioVersion = 17.9.34622.214
MinimumVisualStudioVersion = 10.0.40219.1
Project("{FAE04EC0-301F-11D3-BF4B-00C04F79EFBC}") = "bsuPizza", "bsuPizza\bsuPizza.csproj", "{824AA675-DC58-4591-8B09-033AEFEC27B5}"
EndProject
Global
	GlobalSection(SolutionConfigurationPlatforms) = preSolution
		Debug|Any CPU = Debug|Any CPU
		Release|Any CPU = Release|Any CPU
	EndGlobalSection
	GlobalSection(ProjectConfigurationPlatforms) = postSolution
		{824AA675-DC58-4591-8B09-033AEFEC27B5}.Debug|Any CPU.ActiveCfg = Debug|Any CPU
		{824AA675-DC58-4591-8B09-033AEFEC27B5}.Debug|Any CPU.Build.0 = Debug|Any CPU
		{824AA675-DC58-4591-8B09-033AEFEC27B5}.Release|Any CPU.ActiveCfg = Release|Any CPU
		{824AA675-DC58-4591-8B09-033AEFEC27B5}.Release|Any CPU.Build.0 = Release|Any CPU
	EndGlobalSection
	GlobalSection(SolutionProperties) = preSolution
		HideSolutionNode = FALSE
	EndGlobalSection
	GlobalSection(ExtensibilityGlobals) = postSolution
		SolutionGuid = {4881C301-5560-423A-9321-E85043385D22}
	EndGlobalSection
EndGlobal
